
Microsoft Visual Studio Solution File, Format Version 12.00
# Visual Studio Version 17
VisualStudioVersion = 17.1.32104.313
MinimumVisualStudioVersion = 10.0.40219.1
Project("{9A19103F-16F7-4668-BE54-9A1E7A4F7556}") = "MinecraftApi.Core", "src\MinecraftApi.Core\MinecraftApi.Core.csproj", "{4FFFB71E-FD98-4795-8C4C-4B3587DE78D6}"
EndProject
Project("{9A19103F-16F7-4668-BE54-9A1E7A4F7556}") = "MinecraftApi.Api", "src\MinecraftApi.Api\MinecraftApi.Api\MinecraftApi.Api.csproj", "{E4066ED3-3170-4C26-BA29-D83BCA0D36AE}"
EndProject
Project("{9A19103F-16F7-4668-BE54-9A1E7A4F7556}") = "MinecraftApi.Core.Rcon", "src\MinecraftApi.Core.Rcon\MinecraftApi.Core.Rcon.csproj", "{3C670E91-FF21-4951-A10C-7A4A0B6017BD}"
EndProject
Project("{2150E333-8FDC-42A3-9474-1A3956D46DE8}") = "src", "src", "{6DFE945D-4E15-4C06-A51D-52BEA0098651}"
EndProject
Project("{2150E333-8FDC-42A3-9474-1A3956D46DE8}") = "Tests", "Tests", "{C76F4796-920F-4367-B05E-328B89A735A5}"
EndProject
Project("{2150E333-8FDC-42A3-9474-1A3956D46DE8}") = "Solution Items", "Solution Items", "{C0FCEB1D-21BA-4E4F-9DCC-5478B224CC82}"
	ProjectSection(SolutionItems) = preProject
		.editorconfig = .editorconfig
	EndProjectSection
EndProject
Project("{2150E333-8FDC-42A3-9474-1A3956D46DE8}") = "Rcon", "Rcon", "{25954045-1AD6-4C07-A4B5-41C75198359A}"
EndProject
Project("{FAE04EC0-301F-11D3-BF4B-00C04F79EFBC}") = "RconUnitTests", "RconTests\RconUnitTests.csproj", "{0E075216-5A90-4C43-B5C8-DB7A6CAD8C95}"
EndProject
Project("{FAE04EC0-301F-11D3-BF4B-00C04F79EFBC}") = "RconIntegrationTests", "RconIntegrationTests\RconIntegrationTests.csproj", "{F249A281-862A-4210-9064-AF3979DBC1E5}"
EndProject
Global
	GlobalSection(SolutionConfigurationPlatforms) = preSolution
		Debug|Any CPU = Debug|Any CPU
		Release|Any CPU = Release|Any CPU
	EndGlobalSection
	GlobalSection(ProjectConfigurationPlatforms) = postSolution
		{4FFFB71E-FD98-4795-8C4C-4B3587DE78D6}.Debug|Any CPU.ActiveCfg = Debug|Any CPU
		{4FFFB71E-FD98-4795-8C4C-4B3587DE78D6}.Debug|Any CPU.Build.0 = Debug|Any CPU
		{4FFFB71E-FD98-4795-8C4C-4B3587DE78D6}.Release|Any CPU.ActiveCfg = Release|Any CPU
		{4FFFB71E-FD98-4795-8C4C-4B3587DE78D6}.Release|Any CPU.Build.0 = Release|Any CPU
		{E4066ED3-3170-4C26-BA29-D83BCA0D36AE}.Debug|Any CPU.ActiveCfg = Debug|Any CPU
		{E4066ED3-3170-4C26-BA29-D83BCA0D36AE}.Debug|Any CPU.Build.0 = Debug|Any CPU
		{E4066ED3-3170-4C26-BA29-D83BCA0D36AE}.Release|Any CPU.ActiveCfg = Release|Any CPU
		{E4066ED3-3170-4C26-BA29-D83BCA0D36AE}.Release|Any CPU.Build.0 = Release|Any CPU
		{3C670E91-FF21-4951-A10C-7A4A0B6017BD}.Debug|Any CPU.ActiveCfg = Debug|Any CPU
		{3C670E91-FF21-4951-A10C-7A4A0B6017BD}.Debug|Any CPU.Build.0 = Debug|Any CPU
		{3C670E91-FF21-4951-A10C-7A4A0B6017BD}.Release|Any CPU.ActiveCfg = Release|Any CPU
		{3C670E91-FF21-4951-A10C-7A4A0B6017BD}.Release|Any CPU.Build.0 = Release|Any CPU
		{0E075216-5A90-4C43-B5C8-DB7A6CAD8C95}.Debug|Any CPU.ActiveCfg = Debug|Any CPU
		{0E075216-5A90-4C43-B5C8-DB7A6CAD8C95}.Debug|Any CPU.Build.0 = Debug|Any CPU
		{0E075216-5A90-4C43-B5C8-DB7A6CAD8C95}.Release|Any CPU.ActiveCfg = Release|Any CPU
		{0E075216-5A90-4C43-B5C8-DB7A6CAD8C95}.Release|Any CPU.Build.0 = Release|Any CPU
		{F249A281-862A-4210-9064-AF3979DBC1E5}.Debug|Any CPU.ActiveCfg = Debug|Any CPU
		{F249A281-862A-4210-9064-AF3979DBC1E5}.Debug|Any CPU.Build.0 = Debug|Any CPU
		{F249A281-862A-4210-9064-AF3979DBC1E5}.Release|Any CPU.ActiveCfg = Release|Any CPU
		{F249A281-862A-4210-9064-AF3979DBC1E5}.Release|Any CPU.Build.0 = Release|Any CPU
	EndGlobalSection
	GlobalSection(SolutionProperties) = preSolution
		HideSolutionNode = FALSE
	EndGlobalSection
	GlobalSection(NestedProjects) = preSolution
		{4FFFB71E-FD98-4795-8C4C-4B3587DE78D6} = {6DFE945D-4E15-4C06-A51D-52BEA0098651}
		{E4066ED3-3170-4C26-BA29-D83BCA0D36AE} = {6DFE945D-4E15-4C06-A51D-52BEA0098651}
		{3C670E91-FF21-4951-A10C-7A4A0B6017BD} = {6DFE945D-4E15-4C06-A51D-52BEA0098651}
		{C76F4796-920F-4367-B05E-328B89A735A5} = {6DFE945D-4E15-4C06-A51D-52BEA0098651}
		{25954045-1AD6-4C07-A4B5-41C75198359A} = {C76F4796-920F-4367-B05E-328B89A735A5}
		{0E075216-5A90-4C43-B5C8-DB7A6CAD8C95} = {25954045-1AD6-4C07-A4B5-41C75198359A}
		{F249A281-862A-4210-9064-AF3979DBC1E5} = {25954045-1AD6-4C07-A4B5-41C75198359A}
	EndGlobalSection
	GlobalSection(ExtensibilityGlobals) = postSolution
		SolutionGuid = {2491AA6B-E161-4CE3-89F8-2E41637939B8}
	EndGlobalSection
EndGlobal
