
Microsoft Visual Studio Solution File, Format Version 12.00
# Visual Studio Version 17
VisualStudioVersion = 17.1.32104.313
MinimumVisualStudioVersion = 10.0.40219.1
Project("{9A19103F-16F7-4668-BE54-9A1E7A4F7556}") = "MinecraftApi.Api", "src\MinecraftApi.Api\MinecraftApi.Api\MinecraftApi.Api.csproj", "{E4066ED3-3170-4C26-BA29-D83BCA0D36AE}"
EndProject
Project("{2150E333-8FDC-42A3-9474-1A3956D46DE8}") = "src", "src", "{6DFE945D-4E15-4C06-A51D-52BEA0098651}"
EndProject
Project("{2150E333-8FDC-42A3-9474-1A3956D46DE8}") = "Tests", "Tests", "{C76F4796-920F-4367-B05E-328B89A735A5}"
EndProject
Project("{2150E333-8FDC-42A3-9474-1A3956D46DE8}") = "Solution Items", "Solution Items", "{C0FCEB1D-21BA-4E4F-9DCC-5478B224CC82}"
	ProjectSection(SolutionItems) = preProject
		.editorconfig = .editorconfig
	EndProjectSection
EndProject
Project("{2150E333-8FDC-42A3-9474-1A3956D46DE8}") = "Rcon", "Rcon", "{25954045-1AD6-4C07-A4B5-41C75198359A}"
EndProject
Project("{2150E333-8FDC-42A3-9474-1A3956D46DE8}") = "Infrastructure", "Infrastructure", "{BF20158E-C7DE-4937-B06C-F2E8B16B7FA5}"
EndProject
Project("{2150E333-8FDC-42A3-9474-1A3956D46DE8}") = "Core", "Core", "{DD47ABA1-CC3E-4394-BE7C-80F2CC4E2AB9}"
EndProject
Project("{9A19103F-16F7-4668-BE54-9A1E7A4F7556}") = "RconUnitTests", "src\Tests\RconTests\RconUnitTests.csproj", "{C39C4DF7-398B-4F55-8145-6028D5ADB29F}"
EndProject
Project("{9A19103F-16F7-4668-BE54-9A1E7A4F7556}") = "RconIntegrationTests", "src\Tests\RconIntegrationTests\RconIntegrationTests.csproj", "{3E67505C-0EC8-417E-911C-50116D9130B5}"
EndProject
Project("{9A19103F-16F7-4668-BE54-9A1E7A4F7556}") = "MinecraftApi.Rcon", "src\Infrastructure\Minecraft.Rcon\MinecraftApi.Rcon.csproj", "{F24C7236-E4DF-4B28-87D9-88907FA8CCC8}"
EndProject
Project("{9A19103F-16F7-4668-BE54-9A1E7A4F7556}") = "MinecraftApi.Core.Api", "src\Core\Minecraft.Core.Api\MinecraftApi.Core.Api.csproj", "{B5D29206-361F-42F4-87D6-71DB1F441394}"
EndProject
Project("{9A19103F-16F7-4668-BE54-9A1E7A4F7556}") = "MinecraftApi.Core", "src\Core\MinecraftApi.Core\MinecraftApi.Core.csproj", "{FE2D0AFE-3E7F-413A-8F3A-697BBFF6B145}"
EndProject
Project("{9A19103F-16F7-4668-BE54-9A1E7A4F7556}") = "MinecraftApi.Ef", "src\Core\MinecraftApi.Core.Ef\MinecraftApi.Ef.csproj", "{9B3E812D-04EC-47B3-B2C0-3858A9393116}"
EndProject
Project("{9A19103F-16F7-4668-BE54-9A1E7A4F7556}") = "MinecraftApi.Core.Rcon", "src\Core\MinecraftApi.Core.Rcon\MinecraftApi.Core.Rcon.csproj", "{8C6C2019-02CE-4807-9AC7-FFB29B1145B7}"
EndProject
Project("{9A19103F-16F7-4668-BE54-9A1E7A4F7556}") = "MinecraftApi.Core.Shared", "src\Core\MinecraftApi.Core.Shared\MinecraftApi.Core.Shared.csproj", "{466D5DFB-C58A-4140-8B6A-9324346B894D}"
EndProject
Project("{E53339B2-1760-4266-BCC7-CA923CBCF16C}") = "docker-compose", "docker-compose.dcproj", "{3F6E504F-A0FD-43F2-83E3-9A68940493FB}"
EndProject
Global
	GlobalSection(SolutionConfigurationPlatforms) = preSolution
		Debug|Any CPU = Debug|Any CPU
		Release|Any CPU = Release|Any CPU
	EndGlobalSection
	GlobalSection(ProjectConfigurationPlatforms) = postSolution
		{E4066ED3-3170-4C26-BA29-D83BCA0D36AE}.Debug|Any CPU.ActiveCfg = Debug|Any CPU
		{E4066ED3-3170-4C26-BA29-D83BCA0D36AE}.Debug|Any CPU.Build.0 = Debug|Any CPU
		{E4066ED3-3170-4C26-BA29-D83BCA0D36AE}.Release|Any CPU.ActiveCfg = Release|Any CPU
		{E4066ED3-3170-4C26-BA29-D83BCA0D36AE}.Release|Any CPU.Build.0 = Release|Any CPU
		{C39C4DF7-398B-4F55-8145-6028D5ADB29F}.Debug|Any CPU.ActiveCfg = Debug|Any CPU
		{C39C4DF7-398B-4F55-8145-6028D5ADB29F}.Debug|Any CPU.Build.0 = Debug|Any CPU
		{C39C4DF7-398B-4F55-8145-6028D5ADB29F}.Release|Any CPU.ActiveCfg = Release|Any CPU
		{C39C4DF7-398B-4F55-8145-6028D5ADB29F}.Release|Any CPU.Build.0 = Release|Any CPU
		{3E67505C-0EC8-417E-911C-50116D9130B5}.Debug|Any CPU.ActiveCfg = Debug|Any CPU
		{3E67505C-0EC8-417E-911C-50116D9130B5}.Debug|Any CPU.Build.0 = Debug|Any CPU
		{3E67505C-0EC8-417E-911C-50116D9130B5}.Release|Any CPU.ActiveCfg = Release|Any CPU
		{3E67505C-0EC8-417E-911C-50116D9130B5}.Release|Any CPU.Build.0 = Release|Any CPU
		{F24C7236-E4DF-4B28-87D9-88907FA8CCC8}.Debug|Any CPU.ActiveCfg = Debug|Any CPU
		{F24C7236-E4DF-4B28-87D9-88907FA8CCC8}.Debug|Any CPU.Build.0 = Debug|Any CPU
		{F24C7236-E4DF-4B28-87D9-88907FA8CCC8}.Release|Any CPU.ActiveCfg = Release|Any CPU
		{F24C7236-E4DF-4B28-87D9-88907FA8CCC8}.Release|Any CPU.Build.0 = Release|Any CPU
		{B5D29206-361F-42F4-87D6-71DB1F441394}.Debug|Any CPU.ActiveCfg = Debug|Any CPU
		{B5D29206-361F-42F4-87D6-71DB1F441394}.Debug|Any CPU.Build.0 = Debug|Any CPU
		{B5D29206-361F-42F4-87D6-71DB1F441394}.Release|Any CPU.ActiveCfg = Release|Any CPU
		{B5D29206-361F-42F4-87D6-71DB1F441394}.Release|Any CPU.Build.0 = Release|Any CPU
		{FE2D0AFE-3E7F-413A-8F3A-697BBFF6B145}.Debug|Any CPU.ActiveCfg = Debug|Any CPU
		{FE2D0AFE-3E7F-413A-8F3A-697BBFF6B145}.Debug|Any CPU.Build.0 = Debug|Any CPU
		{FE2D0AFE-3E7F-413A-8F3A-697BBFF6B145}.Release|Any CPU.ActiveCfg = Release|Any CPU
		{FE2D0AFE-3E7F-413A-8F3A-697BBFF6B145}.Release|Any CPU.Build.0 = Release|Any CPU
		{9B3E812D-04EC-47B3-B2C0-3858A9393116}.Debug|Any CPU.ActiveCfg = Debug|Any CPU
		{9B3E812D-04EC-47B3-B2C0-3858A9393116}.Debug|Any CPU.Build.0 = Debug|Any CPU
		{9B3E812D-04EC-47B3-B2C0-3858A9393116}.Release|Any CPU.ActiveCfg = Release|Any CPU
		{9B3E812D-04EC-47B3-B2C0-3858A9393116}.Release|Any CPU.Build.0 = Release|Any CPU
		{8C6C2019-02CE-4807-9AC7-FFB29B1145B7}.Debug|Any CPU.ActiveCfg = Debug|Any CPU
		{8C6C2019-02CE-4807-9AC7-FFB29B1145B7}.Debug|Any CPU.Build.0 = Debug|Any CPU
		{8C6C2019-02CE-4807-9AC7-FFB29B1145B7}.Release|Any CPU.ActiveCfg = Release|Any CPU
		{8C6C2019-02CE-4807-9AC7-FFB29B1145B7}.Release|Any CPU.Build.0 = Release|Any CPU
		{466D5DFB-C58A-4140-8B6A-9324346B894D}.Debug|Any CPU.ActiveCfg = Debug|Any CPU
		{466D5DFB-C58A-4140-8B6A-9324346B894D}.Debug|Any CPU.Build.0 = Debug|Any CPU
		{466D5DFB-C58A-4140-8B6A-9324346B894D}.Release|Any CPU.ActiveCfg = Release|Any CPU
		{466D5DFB-C58A-4140-8B6A-9324346B894D}.Release|Any CPU.Build.0 = Release|Any CPU
		{3F6E504F-A0FD-43F2-83E3-9A68940493FB}.Debug|Any CPU.ActiveCfg = Debug|Any CPU
		{3F6E504F-A0FD-43F2-83E3-9A68940493FB}.Debug|Any CPU.Build.0 = Debug|Any CPU
		{3F6E504F-A0FD-43F2-83E3-9A68940493FB}.Release|Any CPU.ActiveCfg = Release|Any CPU
		{3F6E504F-A0FD-43F2-83E3-9A68940493FB}.Release|Any CPU.Build.0 = Release|Any CPU
	EndGlobalSection
	GlobalSection(SolutionProperties) = preSolution
		HideSolutionNode = FALSE
	EndGlobalSection
	GlobalSection(NestedProjects) = preSolution
		{E4066ED3-3170-4C26-BA29-D83BCA0D36AE} = {6DFE945D-4E15-4C06-A51D-52BEA0098651}
		{C76F4796-920F-4367-B05E-328B89A735A5} = {6DFE945D-4E15-4C06-A51D-52BEA0098651}
		{25954045-1AD6-4C07-A4B5-41C75198359A} = {C76F4796-920F-4367-B05E-328B89A735A5}
		{BF20158E-C7DE-4937-B06C-F2E8B16B7FA5} = {6DFE945D-4E15-4C06-A51D-52BEA0098651}
		{DD47ABA1-CC3E-4394-BE7C-80F2CC4E2AB9} = {6DFE945D-4E15-4C06-A51D-52BEA0098651}
		{C39C4DF7-398B-4F55-8145-6028D5ADB29F} = {25954045-1AD6-4C07-A4B5-41C75198359A}
		{3E67505C-0EC8-417E-911C-50116D9130B5} = {25954045-1AD6-4C07-A4B5-41C75198359A}
		{F24C7236-E4DF-4B28-87D9-88907FA8CCC8} = {BF20158E-C7DE-4937-B06C-F2E8B16B7FA5}
		{B5D29206-361F-42F4-87D6-71DB1F441394} = {DD47ABA1-CC3E-4394-BE7C-80F2CC4E2AB9}
		{FE2D0AFE-3E7F-413A-8F3A-697BBFF6B145} = {DD47ABA1-CC3E-4394-BE7C-80F2CC4E2AB9}
		{9B3E812D-04EC-47B3-B2C0-3858A9393116} = {BF20158E-C7DE-4937-B06C-F2E8B16B7FA5}
		{8C6C2019-02CE-4807-9AC7-FFB29B1145B7} = {DD47ABA1-CC3E-4394-BE7C-80F2CC4E2AB9}
		{466D5DFB-C58A-4140-8B6A-9324346B894D} = {DD47ABA1-CC3E-4394-BE7C-80F2CC4E2AB9}
	EndGlobalSection
	GlobalSection(ExtensibilityGlobals) = postSolution
		SolutionGuid = {2491AA6B-E161-4CE3-89F8-2E41637939B8}
	EndGlobalSection
EndGlobal
